auspice/flu_seasonal_h3n2_ha_6y_hi_tree.json
auspice/flu_seasonal_h3n2_ha_6y_fra_tree.json
auspice/flu_seasonal_h3n2_ha_12y_hi_tree.json
auspice/flu_seasonal_h3n2_ha_12y_fra_tree.json
auspice/flu_seasonal_h3n2_ha_6y_hi_meta.json
auspice/flu_seasonal_h3n2_ha_6y_fra_meta.json
auspice/flu_seasonal_h3n2_ha_12y_hi_meta.json
auspice/flu_seasonal_h3n2_ha_12y_fra_meta.json
auspice/flu_seasonal_h3n2_ha_6y_hi_tip-frequencies.json
auspice/flu_seasonal_h3n2_ha_6y_fra_tip-frequencies.json
auspice/flu_seasonal_h3n2_ha_12y_hi_tip-frequencies.json
auspice/flu_seasonal_h3n2_ha_12y_fra_tip-frequencies.json
auspice/flu_who_h3n2_ha_6y_concat_hi_tree.json
auspice/flu_who_h3n2_ha_6y_concat_hi_meta.json
auspice/flu_who_h3n2_ha_6y_concat_hi_root-sequence.json
auspice/flu_who_h3n2_ha_6y_concat_hi_tip-frequencies.json
auspice/flu_who_h3n2_ha_6y_concat_fra_tree.json
auspice/flu_who_h3n2_ha_6y_concat_fra_meta.json
auspice/flu_who_h3n2_ha_6y_concat_fra_root-sequence.json
auspice/flu_who_h3n2_ha_6y_concat_fra_tip-frequencies.json
auspice/flu_who_h3n2_ha_12y_concat_hi_tree.json
auspice/flu_who_h3n2_ha_12y_concat_hi_meta.json
auspice/flu_who_h3n2_ha_12y_concat_hi_root-sequence.json
auspice/flu_who_h3n2_ha_12y_concat_hi_tip-frequencies.json
auspice/flu_who_h3n2_ha_12y_concat_fra_tree.json
auspice/flu_who_h3n2_ha_12y_concat_fra_meta.json
auspice/flu_who_h3n2_ha_12y_concat_fra_root-sequence.json
auspice/flu_who_h3n2_ha_12y_concat_fra_tip-frequencies.json
results/tree_who_h3n2_ha_6y_concat_hi.nwk
results/metadata_h3n2_ha.tsv
config/auspice_config_h3n2.json
results/branch-lengths_who_h3n2_ha_6y_concat_hi.json
results/nt-muts_who_h3n2_ha_6y_concat_hi.json
results/aa-muts_who_h3n2_ha_6y_concat_hi.json
results/titers-tree-model_who_h3n2_ha_6y_concat_hi.json
results/titers-sub-model_who_h3n2_ha_6y_concat_hi.json
results/clades_who_h3n2_ha_6y_concat_hi.json
results/traits_who_h3n2_ha_6y_concat_hi.json
results/lbi_who_h3n2_ha_6y_concat_hi.json
results/distances_who_h3n2_ha_6y_concat_hi.json
results/tree_who_h3n2_ha_6y_concat_hi.nwk
results/metadata_h3n2_ha.tsv
config/frequency_weights_by_region.json
results/tree_who_h3n2_ha_6y_concat_fra.nwk
results/metadata_h3n2_ha.tsv
config/auspice_config_h3n2.json
results/branch-lengths_who_h3n2_ha_6y_concat_fra.json
results/nt-muts_who_h3n2_ha_6y_concat_fra.json
results/aa-muts_who_h3n2_ha_6y_concat_fra.json
results/titers-tree-model_who_h3n2_ha_6y_concat_fra.json
results/titers-sub-model_who_h3n2_ha_6y_concat_fra.json
results/clades_who_h3n2_ha_6y_concat_fra.json
results/traits_who_h3n2_ha_6y_concat_fra.json
results/lbi_who_h3n2_ha_6y_concat_fra.json
results/distances_who_h3n2_ha_6y_concat_fra.json
results/tree_who_h3n2_ha_6y_concat_fra.nwk
results/metadata_h3n2_ha.tsv
config/frequency_weights_by_region.json
results/tree_who_h3n2_ha_12y_concat_hi.nwk
results/metadata_h3n2_ha.tsv
config/auspice_config_h3n2.json
results/branch-lengths_who_h3n2_ha_12y_concat_hi.json
results/nt-muts_who_h3n2_ha_12y_concat_hi.json
results/aa-muts_who_h3n2_ha_12y_concat_hi.json
results/titers-tree-model_who_h3n2_ha_12y_concat_hi.json
results/titers-sub-model_who_h3n2_ha_12y_concat_hi.json
results/clades_who_h3n2_ha_12y_concat_hi.json
results/traits_who_h3n2_ha_12y_concat_hi.json
results/lbi_who_h3n2_ha_12y_concat_hi.json
results/distances_who_h3n2_ha_12y_concat_hi.json
results/tree_who_h3n2_ha_12y_concat_hi.nwk
results/metadata_h3n2_ha.tsv
config/frequency_weights_by_region.json
results/tree_who_h3n2_ha_12y_concat_fra.nwk
results/metadata_h3n2_ha.tsv
config/auspice_config_h3n2.json
results/branch-lengths_who_h3n2_ha_12y_concat_fra.json
results/nt-muts_who_h3n2_ha_12y_concat_fra.json
results/aa-muts_who_h3n2_ha_12y_concat_fra.json
results/titers-tree-model_who_h3n2_ha_12y_concat_fra.json
results/titers-sub-model_who_h3n2_ha_12y_concat_fra.json
results/clades_who_h3n2_ha_12y_concat_fra.json
results/traits_who_h3n2_ha_12y_concat_fra.json
results/lbi_who_h3n2_ha_12y_concat_fra.json
results/distances_who_h3n2_ha_12y_concat_fra.json
results/tree_who_h3n2_ha_12y_concat_fra.nwk
results/metadata_h3n2_ha.tsv
config/frequency_weights_by_region.json
results/tree-raw_who_h3n2_ha_6y_concat_hi.nwk
results/aligned_who_h3n2_ha_6y_concat_hi.fasta
results/metadata_h3n2_ha.tsv
data/h3n2_ha.fasta
results/tree_who_h3n2_ha_6y_concat_hi.nwk
results/aligned_who_h3n2_ha_6y_concat_hi.fasta
results/tree_who_h3n2_ha_6y_concat_hi.nwk
results/nt-muts_who_h3n2_ha_6y_concat_hi.json
config/reference_h3n2_ha.gb
data/who_h3n2_concat_hi_titers.tsv
results/tree_who_h3n2_ha_6y_concat_hi.nwk
data/who_h3n2_concat_hi_titers.tsv
results/aa-muts_who_h3n2_ha_6y_concat_hi.json
results/aa-seq_who_h3n2_ha_6y_concat_hi_SigPep.fasta
results/aa-seq_who_h3n2_ha_6y_concat_hi_HA1.fasta
results/aa-seq_who_h3n2_ha_6y_concat_hi_HA2.fasta
results/tree_who_h3n2_ha_6y_concat_hi.nwk
results/tree_who_h3n2_ha_6y_concat_hi.nwk
results/nt-muts_who_h3n2_ha_6y_concat_hi.json
results/aa-muts_who_h3n2_ha_6y_concat_hi.json
config/clades_h3n2_ha.tsv
results/tree_who_h3n2_ha_6y_concat_hi.nwk
results/metadata_h3n2_ha.tsv
results/tree_who_h3n2_ha_6y_concat_hi.nwk
results/branch-lengths_who_h3n2_ha_6y_concat_hi.json
results/tree_who_h3n2_ha_6y_concat_hi.nwk
results/aa-seq_who_h3n2_ha_6y_concat_hi_SigPep.fasta
results/aa-seq_who_h3n2_ha_6y_concat_hi_HA1.fasta
results/aa-seq_who_h3n2_ha_6y_concat_hi_HA2.fasta
config/ha_masks.tsv
results/tree-raw_who_h3n2_ha_6y_concat_fra.nwk
results/aligned_who_h3n2_ha_6y_concat_fra.fasta
results/metadata_h3n2_ha.tsv
results/tree_who_h3n2_ha_6y_concat_fra.nwk
results/aligned_who_h3n2_ha_6y_concat_fra.fasta
results/tree_who_h3n2_ha_6y_concat_fra.nwk
results/nt-muts_who_h3n2_ha_6y_concat_fra.json
config/reference_h3n2_ha.gb
data/who_h3n2_concat_fra_titers.tsv
results/tree_who_h3n2_ha_6y_concat_fra.nwk
data/who_h3n2_concat_fra_titers.tsv
results/aa-muts_who_h3n2_ha_6y_concat_fra.json
results/aa-seq_who_h3n2_ha_6y_concat_fra_SigPep.fasta
results/aa-seq_who_h3n2_ha_6y_concat_fra_HA1.fasta
results/aa-seq_who_h3n2_ha_6y_concat_fra_HA2.fasta
results/tree_who_h3n2_ha_6y_concat_fra.nwk
results/tree_who_h3n2_ha_6y_concat_fra.nwk
results/nt-muts_who_h3n2_ha_6y_concat_fra.json
results/aa-muts_who_h3n2_ha_6y_concat_fra.json
config/clades_h3n2_ha.tsv
results/tree_who_h3n2_ha_6y_concat_fra.nwk
results/metadata_h3n2_ha.tsv
results/tree_who_h3n2_ha_6y_concat_fra.nwk
results/branch-lengths_who_h3n2_ha_6y_concat_fra.json
results/tree_who_h3n2_ha_6y_concat_fra.nwk
results/aa-seq_who_h3n2_ha_6y_concat_fra_SigPep.fasta
results/aa-seq_who_h3n2_ha_6y_concat_fra_HA1.fasta
results/aa-seq_who_h3n2_ha_6y_concat_fra_HA2.fasta
config/ha_masks.tsv
results/tree-raw_who_h3n2_ha_12y_concat_hi.nwk
results/aligned_who_h3n2_ha_12y_concat_hi.fasta
results/metadata_h3n2_ha.tsv
results/tree_who_h3n2_ha_12y_concat_hi.nwk
results/aligned_who_h3n2_ha_12y_concat_hi.fasta
results/tree_who_h3n2_ha_12y_concat_hi.nwk
results/nt-muts_who_h3n2_ha_12y_concat_hi.json
config/reference_h3n2_ha.gb
data/who_h3n2_concat_hi_titers.tsv
results/tree_who_h3n2_ha_12y_concat_hi.nwk
data/who_h3n2_concat_hi_titers.tsv
results/aa-muts_who_h3n2_ha_12y_concat_hi.json
results/aa-seq_who_h3n2_ha_12y_concat_hi_SigPep.fasta
results/aa-seq_who_h3n2_ha_12y_concat_hi_HA1.fasta
results/aa-seq_who_h3n2_ha_12y_concat_hi_HA2.fasta
results/tree_who_h3n2_ha_12y_concat_hi.nwk
results/tree_who_h3n2_ha_12y_concat_hi.nwk
results/nt-muts_who_h3n2_ha_12y_concat_hi.json
results/aa-muts_who_h3n2_ha_12y_concat_hi.json
config/clades_h3n2_ha.tsv
results/tree_who_h3n2_ha_12y_concat_hi.nwk
results/metadata_h3n2_ha.tsv
results/tree_who_h3n2_ha_12y_concat_hi.nwk
results/branch-lengths_who_h3n2_ha_12y_concat_hi.json
results/tree_who_h3n2_ha_12y_concat_hi.nwk
results/aa-seq_who_h3n2_ha_12y_concat_hi_SigPep.fasta
results/aa-seq_who_h3n2_ha_12y_concat_hi_HA1.fasta
results/aa-seq_who_h3n2_ha_12y_concat_hi_HA2.fasta
config/ha_masks.tsv
results/tree-raw_who_h3n2_ha_12y_concat_fra.nwk
results/aligned_who_h3n2_ha_12y_concat_fra.fasta
results/metadata_h3n2_ha.tsv
results/tree_who_h3n2_ha_12y_concat_fra.nwk
results/aligned_who_h3n2_ha_12y_concat_fra.fasta
results/tree_who_h3n2_ha_12y_concat_fra.nwk
results/nt-muts_who_h3n2_ha_12y_concat_fra.json
config/reference_h3n2_ha.gb
data/who_h3n2_concat_fra_titers.tsv
results/tree_who_h3n2_ha_12y_concat_fra.nwk
data/who_h3n2_concat_fra_titers.tsv
results/aa-muts_who_h3n2_ha_12y_concat_fra.json
results/aa-seq_who_h3n2_ha_12y_concat_fra_SigPep.fasta
results/aa-seq_who_h3n2_ha_12y_concat_fra_HA1.fasta
results/aa-seq_who_h3n2_ha_12y_concat_fra_HA2.fasta
results/tree_who_h3n2_ha_12y_concat_fra.nwk
results/tree_who_h3n2_ha_12y_concat_fra.nwk
results/nt-muts_who_h3n2_ha_12y_concat_fra.json
results/aa-muts_who_h3n2_ha_12y_concat_fra.json
config/clades_h3n2_ha.tsv
results/tree_who_h3n2_ha_12y_concat_fra.nwk
results/metadata_h3n2_ha.tsv
results/tree_who_h3n2_ha_12y_concat_fra.nwk
results/branch-lengths_who_h3n2_ha_12y_concat_fra.json
results/tree_who_h3n2_ha_12y_concat_fra.nwk
results/aa-seq_who_h3n2_ha_12y_concat_fra_SigPep.fasta
results/aa-seq_who_h3n2_ha_12y_concat_fra_HA1.fasta
results/aa-seq_who_h3n2_ha_12y_concat_fra_HA2.fasta
config/ha_masks.tsv
results/aligned_who_h3n2_ha_6y_concat_hi.fasta
config/exclude-sites_h3n2.txt
results/extracted_who_h3n2_ha_6y_concat_hi.fasta
config/reference_h3n2_ha.gb
data/who_h3n2_cell_hi_titers.tsv
data/who_h3n2_egg_hi_titers.tsv
results/tree_who_h3n2_ha_6y_concat_hi.nwk
results/aa-muts_who_h3n2_ha_6y_concat_hi.json
results/tree_who_h3n2_ha_6y_concat_hi.nwk
results/aa-muts_who_h3n2_ha_6y_concat_hi.json
results/tree_who_h3n2_ha_6y_concat_hi.nwk
results/aa-muts_who_h3n2_ha_6y_concat_hi.json
results/aligned_who_h3n2_ha_6y_concat_fra.fasta
config/exclude-sites_h3n2.txt
results/extracted_who_h3n2_ha_6y_concat_fra.fasta
config/reference_h3n2_ha.gb
data/who_h3n2_cell_fra_titers.tsv
data/who_h3n2_egg_fra_titers.tsv
results/tree_who_h3n2_ha_6y_concat_fra.nwk
results/aa-muts_who_h3n2_ha_6y_concat_fra.json
results/tree_who_h3n2_ha_6y_concat_fra.nwk
results/aa-muts_who_h3n2_ha_6y_concat_fra.json
results/tree_who_h3n2_ha_6y_concat_fra.nwk
results/aa-muts_who_h3n2_ha_6y_concat_fra.json
results/aligned_who_h3n2_ha_12y_concat_hi.fasta
config/exclude-sites_h3n2.txt
results/extracted_who_h3n2_ha_12y_concat_hi.fasta
config/reference_h3n2_ha.gb
results/tree_who_h3n2_ha_12y_concat_hi.nwk
results/aa-muts_who_h3n2_ha_12y_concat_hi.json
results/tree_who_h3n2_ha_12y_concat_hi.nwk
results/aa-muts_who_h3n2_ha_12y_concat_hi.json
results/tree_who_h3n2_ha_12y_concat_hi.nwk
results/aa-muts_who_h3n2_ha_12y_concat_hi.json
results/aligned_who_h3n2_ha_12y_concat_fra.fasta
config/exclude-sites_h3n2.txt
results/extracted_who_h3n2_ha_12y_concat_fra.fasta
config/reference_h3n2_ha.gb
results/tree_who_h3n2_ha_12y_concat_fra.nwk
results/aa-muts_who_h3n2_ha_12y_concat_fra.json
results/tree_who_h3n2_ha_12y_concat_fra.nwk
results/aa-muts_who_h3n2_ha_12y_concat_fra.json
results/tree_who_h3n2_ha_12y_concat_fra.nwk
results/aa-muts_who_h3n2_ha_12y_concat_fra.json
results/filtered_h3n2_ha_concat.fasta
results/strains_who_h3n2_6y_concat_hi.txt
results/filtered_h3n2_ha_concat.fasta
results/strains_who_h3n2_6y_concat_fra.txt
results/filtered_h3n2_ha_concat.fasta
results/strains_who_h3n2_12y_concat_hi.txt
results/filtered_h3n2_ha_concat.fasta
results/strains_who_h3n2_12y_concat_fra.txt
results/metadata_h3n2_ha.tsv
results/sequences_h3n2_ha.fasta
config/outliers_h3n2.txt
results/filtered_h3n2_ha_concat.fasta
results/metadata_h3n2_ha.tsv
data/who_h3n2_concat_hi_titers.tsv
config/forceinclude_h3n2.txt
results/filtered_h3n2_ha_concat.fasta
results/metadata_h3n2_ha.tsv
data/who_h3n2_concat_fra_titers.tsv
config/forceinclude_h3n2.txt
results/filtered_h3n2_ha_concat.fasta
results/metadata_h3n2_ha.tsv
data/who_h3n2_concat_hi_titers.tsv
config/forceinclude_h3n2.txt
results/filtered_h3n2_ha_concat.fasta
results/metadata_h3n2_ha.tsv
data/who_h3n2_concat_fra_titers.tsv
config/forceinclude_h3n2.txt
data/h3n2_ha.fasta
config/references_h3n2.txt
