auspice/flu_seasonal_h3n2_ha_6y_hi_tree.json
auspice/flu_seasonal_h3n2_ha_6y_hi_meta.json
auspice/flu_seasonal_h3n2_ha_6y_hi_root-sequence.json
auspice/flu_seasonal_h3n2_ha_6y_hi_tip-frequencies.json
auspice/flu_seasonal_h3n2_ha_6y_fra_tree.json
auspice/flu_seasonal_h3n2_ha_6y_fra_meta.json
auspice/flu_seasonal_h3n2_ha_6y_fra_root-sequence.json
auspice/flu_seasonal_h3n2_ha_6y_fra_tip-frequencies.json
auspice/flu_seasonal_h3n2_ha_12y_hi_tree.json
auspice/flu_seasonal_h3n2_ha_12y_hi_meta.json
auspice/flu_seasonal_h3n2_ha_12y_hi_root-sequence.json
auspice/flu_seasonal_h3n2_ha_12y_hi_tip-frequencies.json
auspice/flu_seasonal_h3n2_ha_12y_fra_tree.json
auspice/flu_seasonal_h3n2_ha_12y_fra_meta.json
auspice/flu_seasonal_h3n2_ha_12y_fra_root-sequence.json
auspice/flu_seasonal_h3n2_ha_12y_fra_tip-frequencies.json
auspice/flu_who_h3n2_ha_6y_concat_hi_tree.json
auspice/flu_who_h3n2_ha_6y_concat_hi_meta.json
auspice/flu_who_h3n2_ha_6y_concat_hi_root-sequence.json
auspice/flu_who_h3n2_ha_6y_concat_hi_tip-frequencies.json
auspice/flu_who_h3n2_ha_6y_concat_fra_tree.json
auspice/flu_who_h3n2_ha_6y_concat_fra_meta.json
auspice/flu_who_h3n2_ha_6y_concat_fra_root-sequence.json
auspice/flu_who_h3n2_ha_6y_concat_fra_tip-frequencies.json
auspice/flu_who_h3n2_ha_12y_concat_hi_tree.json
auspice/flu_who_h3n2_ha_12y_concat_hi_meta.json
auspice/flu_who_h3n2_ha_12y_concat_hi_root-sequence.json
auspice/flu_who_h3n2_ha_12y_concat_hi_tip-frequencies.json
auspice/flu_who_h3n2_ha_12y_concat_fra_tree.json
auspice/flu_who_h3n2_ha_12y_concat_fra_meta.json
auspice/flu_who_h3n2_ha_12y_concat_fra_root-sequence.json
auspice/flu_who_h3n2_ha_12y_concat_fra_tip-frequencies.json
results/tree_who_h3n2_ha_6y_concat_hi.nwk
results/branch-lengths_who_h3n2_ha_6y_concat_hi.json
results/nt-muts_who_h3n2_ha_6y_concat_hi.json
results/aa-muts_who_h3n2_ha_6y_concat_hi.json
results/titers-tree-model_who_h3n2_ha_6y_concat_hi.json
results/titers-sub-model_who_h3n2_ha_6y_concat_hi.json
results/clades_who_h3n2_ha_6y_concat_hi.json
results/traits_who_h3n2_ha_6y_concat_hi.json
results/lbi_who_h3n2_ha_6y_concat_hi.json
results/distances_who_h3n2_ha_6y_concat_hi.json
results/tree_who_h3n2_ha_6y_concat_fra.nwk
results/branch-lengths_who_h3n2_ha_6y_concat_fra.json
results/nt-muts_who_h3n2_ha_6y_concat_fra.json
results/aa-muts_who_h3n2_ha_6y_concat_fra.json
results/titers-tree-model_who_h3n2_ha_6y_concat_fra.json
results/titers-sub-model_who_h3n2_ha_6y_concat_fra.json
results/clades_who_h3n2_ha_6y_concat_fra.json
results/traits_who_h3n2_ha_6y_concat_fra.json
results/lbi_who_h3n2_ha_6y_concat_fra.json
results/distances_who_h3n2_ha_6y_concat_fra.json
results/tree_who_h3n2_ha_12y_concat_hi.nwk
results/branch-lengths_who_h3n2_ha_12y_concat_hi.json
results/nt-muts_who_h3n2_ha_12y_concat_hi.json
results/aa-muts_who_h3n2_ha_12y_concat_hi.json
results/titers-tree-model_who_h3n2_ha_12y_concat_hi.json
results/titers-sub-model_who_h3n2_ha_12y_concat_hi.json
results/clades_who_h3n2_ha_12y_concat_hi.json
results/traits_who_h3n2_ha_12y_concat_hi.json
results/lbi_who_h3n2_ha_12y_concat_hi.json
results/distances_who_h3n2_ha_12y_concat_hi.json
results/tree_who_h3n2_ha_12y_concat_fra.nwk
results/branch-lengths_who_h3n2_ha_12y_concat_fra.json
results/nt-muts_who_h3n2_ha_12y_concat_fra.json
results/aa-muts_who_h3n2_ha_12y_concat_fra.json
results/titers-tree-model_who_h3n2_ha_12y_concat_fra.json
results/titers-sub-model_who_h3n2_ha_12y_concat_fra.json
results/clades_who_h3n2_ha_12y_concat_fra.json
results/traits_who_h3n2_ha_12y_concat_fra.json
results/lbi_who_h3n2_ha_12y_concat_fra.json
results/distances_who_h3n2_ha_12y_concat_fra.json
results/tree-raw_who_h3n2_ha_6y_concat_hi.nwk
results/aligned_who_h3n2_ha_6y_concat_hi.fasta
results/aa-seq_who_h3n2_ha_6y_concat_hi_SigPep.fasta
results/aa-seq_who_h3n2_ha_6y_concat_hi_HA1.fasta
results/aa-seq_who_h3n2_ha_6y_concat_hi_HA2.fasta
results/tree-raw_who_h3n2_ha_6y_concat_fra.nwk
results/aligned_who_h3n2_ha_6y_concat_fra.fasta
results/aa-seq_who_h3n2_ha_6y_concat_fra_SigPep.fasta
results/aa-seq_who_h3n2_ha_6y_concat_fra_HA1.fasta
results/aa-seq_who_h3n2_ha_6y_concat_fra_HA2.fasta
results/tree-raw_who_h3n2_ha_12y_concat_hi.nwk
results/aligned_who_h3n2_ha_12y_concat_hi.fasta
results/aa-seq_who_h3n2_ha_12y_concat_hi_SigPep.fasta
results/aa-seq_who_h3n2_ha_12y_concat_hi_HA1.fasta
results/aa-seq_who_h3n2_ha_12y_concat_hi_HA2.fasta
results/tree-raw_who_h3n2_ha_12y_concat_fra.nwk
results/aligned_who_h3n2_ha_12y_concat_fra.fasta
results/aa-seq_who_h3n2_ha_12y_concat_fra_SigPep.fasta
results/aa-seq_who_h3n2_ha_12y_concat_fra_HA1.fasta
results/aa-seq_who_h3n2_ha_12y_concat_fra_HA2.fasta
results/extracted_who_h3n2_ha_6y_concat_hi.fasta
results/extracted_who_h3n2_ha_6y_concat_fra.fasta
results/extracted_who_h3n2_ha_12y_concat_hi.fasta
results/extracted_who_h3n2_ha_12y_concat_fra.fasta
results/filtered_h3n2_ha_concat.fasta
results/strains_who_h3n2_6y_concat_hi.txt
results/strains_who_h3n2_6y_concat_fra.txt
results/strains_who_h3n2_12y_concat_hi.txt
results/strains_who_h3n2_12y_concat_fra.txt
